
Microsoft Visual Studio Solution File, Format Version 12.00
# Visual Studio Version 17
VisualStudioVersion = 17.7.34024.191
MinimumVisualStudioVersion = 10.0.40219.1
Project("{FAE04EC0-301F-11D3-BF4B-00C04F79EFBC}") = "PromotionalCodeChecker", "PromotionalCodeChecker\PromotionalCodeChecker.csproj", "{6E0F592C-40F3-426D-BEDF-0AABC67B1335}"
EndProject
Global
	GlobalSection(SolutionConfigurationPlatforms) = preSolution
		Debug|Any CPU = Debug|Any CPU
		Release|Any CPU = Release|Any CPU
	EndGlobalSection
	GlobalSection(ProjectConfigurationPlatforms) = postSolution
		{6E0F592C-40F3-426D-BEDF-0AABC67B1335}.Debug|Any CPU.ActiveCfg = Debug|Any CPU
		{6E0F592C-40F3-426D-BEDF-0AABC67B1335}.Debug|Any CPU.Build.0 = Debug|Any CPU
		{6E0F592C-40F3-426D-BEDF-0AABC67B1335}.Release|Any CPU.ActiveCfg = Release|Any CPU
		{6E0F592C-40F3-426D-BEDF-0AABC67B1335}.Release|Any CPU.Build.0 = Release|Any CPU
	EndGlobalSection
	GlobalSection(SolutionProperties) = preSolution
		HideSolutionNode = FALSE
	EndGlobalSection
	GlobalSection(ExtensibilityGlobals) = postSolution
		SolutionGuid = {BC756D0B-B8BD-4476-8863-242E79962483}
	EndGlobalSection
EndGlobal
