
Microsoft Visual Studio Solution File, Format Version 12.00
# Visual Studio Version 17
VisualStudioVersion = 17.7.34024.191
MinimumVisualStudioVersion = 10.0.40219.1
Project("{FAE04EC0-301F-11D3-BF4B-00C04F79EFBC}") = "WeatherForecast", "WeatherForecast\WeatherForecast.csproj", "{0DAF66AA-6993-4461-BB3B-5AB138F59CFE}"
EndProject
Global
	GlobalSection(SolutionConfigurationPlatforms) = preSolution
		Debug|Any CPU = Debug|Any CPU
		Release|Any CPU = Release|Any CPU
	EndGlobalSection
	GlobalSection(ProjectConfigurationPlatforms) = postSolution
		{0DAF66AA-6993-4461-BB3B-5AB138F59CFE}.Debug|Any CPU.ActiveCfg = Debug|Any CPU
		{0DAF66AA-6993-4461-BB3B-5AB138F59CFE}.Debug|Any CPU.Build.0 = Debug|Any CPU
		{0DAF66AA-6993-4461-BB3B-5AB138F59CFE}.Release|Any CPU.ActiveCfg = Release|Any CPU
		{0DAF66AA-6993-4461-BB3B-5AB138F59CFE}.Release|Any CPU.Build.0 = Release|Any CPU
	EndGlobalSection
	GlobalSection(SolutionProperties) = preSolution
		HideSolutionNode = FALSE
	EndGlobalSection
	GlobalSection(ExtensibilityGlobals) = postSolution
		SolutionGuid = {0595EEEE-E212-4C22-A4E4-3320AA9632B2}
	EndGlobalSection
EndGlobal
